{
  "name": "perceptron",
  "version": "1.0.0",
  "lockfileVersion": 1,
  "requires": true,
  "dependencies": {
    "@types/node": {
      "version": "14.11.2",
      "resolved": "https://registry.npmjs.org/@types/node/-/node-14.11.2.tgz",
      "integrity": "sha512-jiE3QIxJ8JLNcb1Ps6rDbysDhN4xa8DJJvuC9prr6w+1tIh+QAbYyNF3tyiZNLDBIuBCf4KEcV2UvQm/V60xfA=="
    },
    "big-integer": {
      "version": "1.6.48",
      "resolved": "https://registry.npmjs.org/big-integer/-/big-integer-1.6.48.tgz",
      "integrity": "sha512-j51egjPa7/i+RdiRuJbPdJ2FIUYYPhvYLjzoYbcMMm62ooO6F94fETG4MTs46zPAF9Brs04OajboA/qTGuz78w=="
    },
    "bigint-conversion": {
      "version": "2.1.11",
      "resolved": "https://registry.npmjs.org/bigint-conversion/-/bigint-conversion-2.1.11.tgz",
      "integrity": "sha512-ovMFblWxN7t4xfeDwMfsPK6fpQv2Z9tnKI5gaugNL0NrPK8a+P3cMKhnWO3/X+bUkkyGIkmdohJDHlTRH+mMGA==",
      "requires": {
        "@types/node": ">=10"
      }
    },
    "bigint-crypto-utils": {
      "version": "3.0.8",
      "resolved": "https://registry.npmjs.org/bigint-crypto-utils/-/bigint-crypto-utils-3.0.8.tgz",
      "integrity": "sha512-ND5XXqpoD5AlbXx//muZQO9IU5nceJ7RDHBvGvkHkBFN6yoWUfCEmyTsk6z/rVhUW3mkiTaGcWbKrglgePZIMg==",
      "requires": {
        "@types/node": ">=10.4.0"
      }
    },
    "paillier-bigint": {
      "version": "3.1.2",
      "resolved": "https://registry.npmjs.org/paillier-bigint/-/paillier-bigint-3.1.2.tgz",
      "integrity": "sha512-6HwkgTCS0qZ3MRXoQIujGYbgxOPvAvbkGad0N5OGfEDlfDEh2ds6r2K9paeiW+MR48Vwsl3hF9CQC6ppLojOsw==",
      "requires": {
        "bigint-crypto-utils": "^3.0.7"
      }
    }
  }
}
